
Microsoft Visual Studio Solution File, Format Version 12.00
# Visual Studio Version 16
VisualStudioVersion = 16.0.31729.503
MinimumVisualStudioVersion = 10.0.40219.1
Project("{FAE04EC0-301F-11D3-BF4B-00C04F79EFBC}") = "BibliotekaV1", "BibliotekaV1\BibliotekaV1.csproj", "{64AD99C8-86F2-483A-86A6-DA1728B4964C}"
EndProject
Global
	GlobalSection(SolutionConfigurationPlatforms) = preSolution
		Debug|Any CPU = Debug|Any CPU
		Release|Any CPU = Release|Any CPU
	EndGlobalSection
	GlobalSection(ProjectConfigurationPlatforms) = postSolution
		{64AD99C8-86F2-483A-86A6-DA1728B4964C}.Debug|Any CPU.ActiveCfg = Debug|Any CPU
		{64AD99C8-86F2-483A-86A6-DA1728B4964C}.Debug|Any CPU.Build.0 = Debug|Any CPU
		{64AD99C8-86F2-483A-86A6-DA1728B4964C}.Release|Any CPU.ActiveCfg = Release|Any CPU
		{64AD99C8-86F2-483A-86A6-DA1728B4964C}.Release|Any CPU.Build.0 = Release|Any CPU
	EndGlobalSection
	GlobalSection(SolutionProperties) = preSolution
		HideSolutionNode = FALSE
	EndGlobalSection
	GlobalSection(ExtensibilityGlobals) = postSolution
		SolutionGuid = {F43FE444-2B71-40F9-AC24-CBE5479DC440}
	EndGlobalSection
EndGlobal
